lockfileVersion: '9.0'

settings:
  autoInstallPeers: true
  excludeLinksFromLockfile: false

importers:

  .:
    dependencies:
      hono:
        specifier: ^4.8.1
        version: 4.8.1
      nodemailer:
        specifier: ^7.0.3
        version: 7.0.3
    devDependencies:
      '@types/bun':
        specifier: latest
        version: 1.2.16

packages:

  '@types/bun@1.2.16':
    resolution: {integrity: sha512-1aCZJ/6nSiViw339RsaNhkNoEloLaPzZhxMOYEa7OzRzO41IGg5n/7I43/ZIAW/c+Q6cT12Vf7fOZOoVIzb5BQ==}

  '@types/node@24.0.3':
    resolution: {integrity: sha512-R4I/kzCYAdRLzfiCabn9hxWfbuHS573x+r0dJMkkzThEa7pbrcDWK+9zu3e7aBOouf+rQAciqPFMnxwr0aWgKg==}

  bun-types@1.2.16:
    resolution: {integrity: sha512-ciXLrHV4PXax9vHvUrkvun9VPVGOVwbbbBF/Ev1cXz12lyEZMoJpIJABOfPcN9gDJRaiKF9MVbSygLg4NXu3/A==}

  hono@4.8.1:
    resolution: {integrity: sha512-ErA2ifywnSmcnB5XDuFqGDfXJ9xuAJR2C/8cZAk6vDaOCzofB8eNlha/wZWIiamREzWk94S9Z7wHsnKQHn7Niw==}
    engines: {node: '>=16.9.0'}

  nodemailer@7.0.3:
    resolution: {integrity: sha512-Ajq6Sz1x7cIK3pN6KesGTah+1gnwMnx5gKl3piQlQQE/PwyJ4Mbc8is2psWYxK3RJTVeqsDaCv8ZzXLCDHMTZw==}
    engines: {node: '>=6.0.0'}

  undici-types@7.8.0:
    resolution: {integrity: sha512-9UJ2xGDvQ43tYyVMpuHlsgApydB8ZKfVYTsLDhXkFL/6gfkp+U8xTGdh8pMJv1SpZna0zxG1DwsKZsreLbXBxw==}

snapshots:

  '@types/bun@1.2.16':
    dependencies:
      bun-types: 1.2.16

  '@types/node@24.0.3':
    dependencies:
      undici-types: 7.8.0

  bun-types@1.2.16:
    dependencies:
      '@types/node': 24.0.3

  hono@4.8.1: {}

  nodemailer@7.0.3: {}

  undici-types@7.8.0: {}
